
Microsoft Visual Studio Solution File, Format Version 12.00
# Visual Studio Version 16
VisualStudioVersion = 16.0.30907.101
MinimumVisualStudioVersion = 10.0.40219.1
Project("{FAE04EC0-301F-11D3-BF4B-00C04F79EFBC}") = "CalculosArea", "CalculosArea\CalculosArea.csproj", "{4EB610B4-1296-4654-8BEB-5314D2EABEEE}"
EndProject
Global
	GlobalSection(SolutionConfigurationPlatforms) = preSolution
		Debug|Any CPU = Debug|Any CPU
		Release|Any CPU = Release|Any CPU
	EndGlobalSection
	GlobalSection(ProjectConfigurationPlatforms) = postSolution
		{4EB610B4-1296-4654-8BEB-5314D2EABEEE}.Debug|Any CPU.ActiveCfg = Debug|Any CPU
		{4EB610B4-1296-4654-8BEB-5314D2EABEEE}.Debug|Any CPU.Build.0 = Debug|Any CPU
		{4EB610B4-1296-4654-8BEB-5314D2EABEEE}.Release|Any CPU.ActiveCfg = Release|Any CPU
		{4EB610B4-1296-4654-8BEB-5314D2EABEEE}.Release|Any CPU.Build.0 = Release|Any CPU
	EndGlobalSection
	GlobalSection(SolutionProperties) = preSolution
		HideSolutionNode = FALSE
	EndGlobalSection
	GlobalSection(ExtensibilityGlobals) = postSolution
		SolutionGuid = {9C95F7C8-1444-4DB9-BCD4-1C994DC9779F}
	EndGlobalSection
EndGlobal
