
Microsoft Visual Studio Solution File, Format Version 12.00
# Visual Studio Version 16
VisualStudioVersion = 16.0.30907.101
MinimumVisualStudioVersion = 10.0.40219.1
Project("{FAE04EC0-301F-11D3-BF4B-00C04F79EFBC}") = "Multiplos", "Multiplos\Multiplos.csproj", "{0ED081B6-017B-4BC2-92FF-5ECB42FB38C9}"
EndProject
Global
	GlobalSection(SolutionConfigurationPlatforms) = preSolution
		Debug|Any CPU = Debug|Any CPU
		Release|Any CPU = Release|Any CPU
	EndGlobalSection
	GlobalSection(ProjectConfigurationPlatforms) = postSolution
		{0ED081B6-017B-4BC2-92FF-5ECB42FB38C9}.Debug|Any CPU.ActiveCfg = Debug|Any CPU
		{0ED081B6-017B-4BC2-92FF-5ECB42FB38C9}.Debug|Any CPU.Build.0 = Debug|Any CPU
		{0ED081B6-017B-4BC2-92FF-5ECB42FB38C9}.Release|Any CPU.ActiveCfg = Release|Any CPU
		{0ED081B6-017B-4BC2-92FF-5ECB42FB38C9}.Release|Any CPU.Build.0 = Release|Any CPU
	EndGlobalSection
	GlobalSection(SolutionProperties) = preSolution
		HideSolutionNode = FALSE
	EndGlobalSection
	GlobalSection(ExtensibilityGlobals) = postSolution
		SolutionGuid = {99FB6C50-FE93-408E-9A0B-B97736141A4F}
	EndGlobalSection
EndGlobal
