
Microsoft Visual Studio Solution File, Format Version 12.00
# Visual Studio Version 16
VisualStudioVersion = 16.0.30907.101
MinimumVisualStudioVersion = 10.0.40219.1
Project("{FAE04EC0-301F-11D3-BF4B-00C04F79EFBC}") = "DiferencaProduto", "DiferencaProduto\DiferencaProduto.csproj", "{6CFF528D-712E-41AD-A23F-AB464F18C3A2}"
EndProject
Global
	GlobalSection(SolutionConfigurationPlatforms) = preSolution
		Debug|Any CPU = Debug|Any CPU
		Release|Any CPU = Release|Any CPU
	EndGlobalSection
	GlobalSection(ProjectConfigurationPlatforms) = postSolution
		{6CFF528D-712E-41AD-A23F-AB464F18C3A2}.Debug|Any CPU.ActiveCfg = Debug|Any CPU
		{6CFF528D-712E-41AD-A23F-AB464F18C3A2}.Debug|Any CPU.Build.0 = Debug|Any CPU
		{6CFF528D-712E-41AD-A23F-AB464F18C3A2}.Release|Any CPU.ActiveCfg = Release|Any CPU
		{6CFF528D-712E-41AD-A23F-AB464F18C3A2}.Release|Any CPU.Build.0 = Release|Any CPU
	EndGlobalSection
	GlobalSection(SolutionProperties) = preSolution
		HideSolutionNode = FALSE
	EndGlobalSection
	GlobalSection(ExtensibilityGlobals) = postSolution
		SolutionGuid = {8E0DE77B-0378-4EE8-A028-4206862EB42A}
	EndGlobalSection
EndGlobal
