
Microsoft Visual Studio Solution File, Format Version 12.00
# Visual Studio Version 16
VisualStudioVersion = 16.0.30907.101
MinimumVisualStudioVersion = 10.0.40219.1
Project("{FAE04EC0-301F-11D3-BF4B-00C04F79EFBC}") = "ValorPago", "ValorPago\ValorPago.csproj", "{2769C843-1CA5-426C-ACA6-77C9532C8615}"
EndProject
Global
	GlobalSection(SolutionConfigurationPlatforms) = preSolution
		Debug|Any CPU = Debug|Any CPU
		Release|Any CPU = Release|Any CPU
	EndGlobalSection
	GlobalSection(ProjectConfigurationPlatforms) = postSolution
		{2769C843-1CA5-426C-ACA6-77C9532C8615}.Debug|Any CPU.ActiveCfg = Debug|Any CPU
		{2769C843-1CA5-426C-ACA6-77C9532C8615}.Debug|Any CPU.Build.0 = Debug|Any CPU
		{2769C843-1CA5-426C-ACA6-77C9532C8615}.Release|Any CPU.ActiveCfg = Release|Any CPU
		{2769C843-1CA5-426C-ACA6-77C9532C8615}.Release|Any CPU.Build.0 = Release|Any CPU
	EndGlobalSection
	GlobalSection(SolutionProperties) = preSolution
		HideSolutionNode = FALSE
	EndGlobalSection
	GlobalSection(ExtensibilityGlobals) = postSolution
		SolutionGuid = {0B0A42DF-6A58-452D-BF5B-E0EFD9461DBC}
	EndGlobalSection
EndGlobal
