
Microsoft Visual Studio Solution File, Format Version 12.00
# Visual Studio Version 16
VisualStudioVersion = 16.0.30907.101
MinimumVisualStudioVersion = 10.0.40219.1
Project("{FAE04EC0-301F-11D3-BF4B-00C04F79EFBC}") = "Imposto", "Imposto\Imposto.csproj", "{2387183D-D42B-4F61-9436-033A91118A40}"
EndProject
Global
	GlobalSection(SolutionConfigurationPlatforms) = preSolution
		Debug|Any CPU = Debug|Any CPU
		Release|Any CPU = Release|Any CPU
	EndGlobalSection
	GlobalSection(ProjectConfigurationPlatforms) = postSolution
		{2387183D-D42B-4F61-9436-033A91118A40}.Debug|Any CPU.ActiveCfg = Debug|Any CPU
		{2387183D-D42B-4F61-9436-033A91118A40}.Debug|Any CPU.Build.0 = Debug|Any CPU
		{2387183D-D42B-4F61-9436-033A91118A40}.Release|Any CPU.ActiveCfg = Release|Any CPU
		{2387183D-D42B-4F61-9436-033A91118A40}.Release|Any CPU.Build.0 = Release|Any CPU
	EndGlobalSection
	GlobalSection(SolutionProperties) = preSolution
		HideSolutionNode = FALSE
	EndGlobalSection
	GlobalSection(ExtensibilityGlobals) = postSolution
		SolutionGuid = {E117E494-3B04-4109-A360-89B5226C6FAF}
	EndGlobalSection
EndGlobal
