
Microsoft Visual Studio Solution File, Format Version 12.00
# Visual Studio Version 16
VisualStudioVersion = 16.0.30907.101
MinimumVisualStudioVersion = 10.0.40219.1
Project("{FAE04EC0-301F-11D3-BF4B-00C04F79EFBC}") = "DuracaoJogo", "DuracaoJogo\DuracaoJogo.csproj", "{867B42C6-8EB0-440C-8F0B-AB5A08CF81A0}"
EndProject
Global
	GlobalSection(SolutionConfigurationPlatforms) = preSolution
		Debug|Any CPU = Debug|Any CPU
		Release|Any CPU = Release|Any CPU
	EndGlobalSection
	GlobalSection(ProjectConfigurationPlatforms) = postSolution
		{867B42C6-8EB0-440C-8F0B-AB5A08CF81A0}.Debug|Any CPU.ActiveCfg = Debug|Any CPU
		{867B42C6-8EB0-440C-8F0B-AB5A08CF81A0}.Debug|Any CPU.Build.0 = Debug|Any CPU
		{867B42C6-8EB0-440C-8F0B-AB5A08CF81A0}.Release|Any CPU.ActiveCfg = Release|Any CPU
		{867B42C6-8EB0-440C-8F0B-AB5A08CF81A0}.Release|Any CPU.Build.0 = Release|Any CPU
	EndGlobalSection
	GlobalSection(SolutionProperties) = preSolution
		HideSolutionNode = FALSE
	EndGlobalSection
	GlobalSection(ExtensibilityGlobals) = postSolution
		SolutionGuid = {F09FBBAA-0578-47C1-A8D2-EAEA2CD20A73}
	EndGlobalSection
EndGlobal
