
Microsoft Visual Studio Solution File, Format Version 12.00
# Visual Studio Version 16
VisualStudioVersion = 16.0.30907.101
MinimumVisualStudioVersion = 10.0.40219.1
Project("{FAE04EC0-301F-11D3-BF4B-00C04F79EFBC}") = "areaCirculo", "areaCirculo\areaCirculo.csproj", "{4E936563-970D-44ED-8C4B-88FCC47D8312}"
EndProject
Global
	GlobalSection(SolutionConfigurationPlatforms) = preSolution
		Debug|Any CPU = Debug|Any CPU
		Release|Any CPU = Release|Any CPU
	EndGlobalSection
	GlobalSection(ProjectConfigurationPlatforms) = postSolution
		{4E936563-970D-44ED-8C4B-88FCC47D8312}.Debug|Any CPU.ActiveCfg = Debug|Any CPU
		{4E936563-970D-44ED-8C4B-88FCC47D8312}.Debug|Any CPU.Build.0 = Debug|Any CPU
		{4E936563-970D-44ED-8C4B-88FCC47D8312}.Release|Any CPU.ActiveCfg = Release|Any CPU
		{4E936563-970D-44ED-8C4B-88FCC47D8312}.Release|Any CPU.Build.0 = Release|Any CPU
	EndGlobalSection
	GlobalSection(SolutionProperties) = preSolution
		HideSolutionNode = FALSE
	EndGlobalSection
	GlobalSection(ExtensibilityGlobals) = postSolution
		SolutionGuid = {A03394BB-7057-48DF-87F4-1E1F8B76BC63}
	EndGlobalSection
EndGlobal
